
Microsoft Visual Studio Solution File, Format Version 12.00
# Visual Studio 15
VisualStudioVersion = 15.0.27428.2043
MinimumVisualStudioVersion = 10.0.40219.1
Project("{FAE04EC0-301F-11D3-BF4B-00C04F79EFBC}") = "ITUniver.DocBase.Web", "ITUniver.DocBase.Web\ITUniver.DocBase.Web\ITUniver.DocBase.Web.csproj", "{C55C9D61-FB4A-475C-9DBA-7A8B55C5A482}"
EndProject
Global
	GlobalSection(SolutionConfigurationPlatforms) = preSolution
		Debug|Any CPU = Debug|Any CPU
		Release|Any CPU = Release|Any CPU
	EndGlobalSection
	GlobalSection(ProjectConfigurationPlatforms) = postSolution
		{C55C9D61-FB4A-475C-9DBA-7A8B55C5A482}.Debug|Any CPU.ActiveCfg = Debug|Any CPU
		{C55C9D61-FB4A-475C-9DBA-7A8B55C5A482}.Debug|Any CPU.Build.0 = Debug|Any CPU
		{C55C9D61-FB4A-475C-9DBA-7A8B55C5A482}.Release|Any CPU.ActiveCfg = Release|Any CPU
		{C55C9D61-FB4A-475C-9DBA-7A8B55C5A482}.Release|Any CPU.Build.0 = Release|Any CPU
	EndGlobalSection
	GlobalSection(SolutionProperties) = preSolution
		HideSolutionNode = FALSE
	EndGlobalSection
	GlobalSection(ExtensibilityGlobals) = postSolution
		SolutionGuid = {2C338A0B-DED8-4197-8F2F-51568497AE18}
	EndGlobalSection
EndGlobal
